// !$*UTF8*$!
{
	archiveVersion = 1;
	classes = {
	};
	objectVersion = 77;
	objects = {

/* Begin PBXBuildFile section */
		3FE784602F5E16CC00619CC9 /* FirebaseAuth in Frameworks */ = {isa = PBXBuildFile; productRef = 3FE7845F2F5E16CC00619CC9 /* FirebaseAuth */; };
		3FE784622F5E16E000619CC9 /* FirebaseCore in Frameworks */ = {isa = PBXBuildFile; productRef = 3FE784612F5E16E000619CC9 /* FirebaseCore */; };
		3FE784642F5E16EB00619CC9 /* FirebaseFirestore in Frameworks */ = {isa = PBXBuildFile; productRef = 3FE784632F5E16EB00619CC9 /* FirebaseFirestore */; };
		3FE784662F5E16F700619CC9 /* GoogleSignIn in Frameworks */ = {isa = PBXBuildFile; productRef = 3FE784652F5E16F700619CC9 /* GoogleSignIn */; };
		3FE784682F5E16FE00619CC9 /* GoogleSignInSwift in Frameworks */ = {isa = PBXBuildFile; productRef = 3FE784672F5E16FE00619CC9 /* GoogleSignInSwift */; };
/* End PBXBuildFile section */

/* Begin PBXContainerItemProxy section */
		3FA893A52F4B67A900CE8953 /* PBXContainerItemProxy */ = {
			isa = PBXContainerItemProxy;
			containerPortal = 3FA8938B2F4B67A800CE8953 /* Project object */;
			proxyType = 1;
			remoteGlobalIDString = 3FA893922F4B67A800CE8953;
			remoteInfo = BudgetFlow;
		};
		3FA893AF2F4B67A900CE8953 /* PBXContainerItemProxy */ = {
			isa = PBXContainerItemProxy;
			containerPortal = 3FA8938B2F4B67A800CE8953 /* Project object */;
			proxyType = 1;
			remoteGlobalIDString = 3FA893922F4B67A800CE8953;
			remoteInfo = BudgetFlow;
		};
/* End PBXContainerItemProxy section */

/* Begin PBXFileReference section */
		3FA893932F4B67A800CE8953 /* BudgetFlow.app */ = {isa = PBXFileReference; explicitFileType = wrapper.application; includeInIndex = 0; path = BudgetFlow.app; sourceTree = BUILT_PRODUCTS_DIR; };
		3FA893A42F4B67A900CE8953 /* BudgetFlowTests.xctest */ = {isa = PBXFileReference; explicitFileType = wrapper.cfbundle; includeInIndex = 0; path = BudgetFlowTests.xctest; sourceTree = BUILT_PRODUCTS_DIR; };
		3FA893AE2F4B67A900CE8953 /* BudgetFlowUITests.xctest */ = {isa = PBXFileReference; explicitFileType = wrapper.cfbundle; includeInIndex = 0; path = BudgetFlowUITests.xctest; sourceTree = BUILT_PRODUCTS_DIR; };
/* End PBXFileReference section */

/* Begin PBXFileSystemSynchronizedBuildFileExceptionSet section */
		3FA893B62F4B67A900CE8953 /* Exceptions for "BudgetFlow" folder in "BudgetFlow" target */ = {
			isa = PBXFileSystemSynchronizedBuildFileExceptionSet;
			membershipExceptions = (
				Info.plist,
			);
			target = 3FA893922F4B67A800CE8953 /* BudgetFlow */;
		};
/* End PBXFileSystemSynchronizedBuildFileExceptionSet section */

/* Begin PBXFileSystemSynchronizedRootGroup section */
		3FA893952F4B67A800CE8953 /* BudgetFlow */ = {
			isa = PBXFileSystemSynchronizedRootGroup;
			exceptions = (
				3FA893B62F4B67A900CE8953 /* Exceptions for "BudgetFlow" folder in "BudgetFlow" target */,
			);
			path = BudgetFlow;
			sourceTree = "<group>";
		};
		3FA893A72F4B67A900CE8953 /* BudgetFlowTests */ = {
			isa = PBXFileSystemSynchronizedRootGroup;
			path = BudgetFlowTests;
			sourceTree = "<group>";
		};
		3FA893B12F4B67A900CE8953 /* BudgetFlowUITests */ = {
			isa = PBXFileSystemSynchronizedRootGroup;
			path = BudgetFlowUITests;
			sourceTree = "<group>";
		};
/* End PBXFileSystemSynchronizedRootGroup section */

/* Begin PBXFrameworksBuildPhase section */
		3FA893902F4B67A800CE8953 /* Frameworks */ = {
			isa = PBXFrameworksBuildPhase;
			buildActionMask = 2147483647;
			files = (
				3FE784682F5E16FE00619CC9 /* GoogleSignInSwift in Frameworks */,
				3FE784622F5E16E000619CC9 /* FirebaseCore in Frameworks */,
				3FE784662F5E16F700619CC9 /* GoogleSignIn in Frameworks */,
				3FE784602F5E16CC00619CC9 /* FirebaseAuth in Frameworks */,
				3FE784642F5E16EB00619CC9 /* FirebaseFirestore in Frameworks */,
			);
			runOnlyForDeploymentPostprocessing = 0;
		};
		3FA893A12F4B67A900CE8953 /* Frameworks */ = {
			isa = PBXFrameworksBuildPhase;
			buildActionMask = 2147483647;
			files = (
			);
			runOnlyForDeploymentPostprocessing = 0;
		};
		3FA893AB2F4B67A900CE8953 /* Frameworks */ = {
			isa = PBXFrameworksBuildPhase;
			buildActionMask = 2147483647;
			files = (
			);
			runOnlyForDeploymentPostprocessing = 0;
		};
/* End PBXFrameworksBuildPhase section */

/* Begin PBXGroup section */
		3F626C8C2F66007200F017FB /* Recovered References */ = {
			isa = PBXGroup;
			children = (
			);
			name = "Recovered References";
			sourceTree = "<group>";
		};
		3FA8938A2F4B67A800CE8953 = {
			isa = PBXGroup;
			children = (
				3FA893952F4B67A800CE8953 /* BudgetFlow */,
				3FA893A72F4B67A900CE8953 /* BudgetFlowTests */,
				3FA893B12F4B67A900CE8953 /* BudgetFlowUITests */,
				3FE7845E2F5E16CC00619CC9 /* Frameworks */,
				3FA893942F4B67A800CE8953 /* Products */,
				3F626C8C2F66007200F017FB /* Recovered References */,
			);
			sourceTree = "<group>";
		};
		3FA893942F4B67A800CE8953 /* Products */ = {
			isa = PBXGroup;
			children = (
				3FA893932F4B67A800CE8953 /* BudgetFlow.app */,
				3FA893A42F4B67A900CE8953 /* BudgetFlowTests.xctest */,
				3FA893AE2F4B67A900CE8953 /* BudgetFlowUITests.xctest */,
			);
			name = Products;
			sourceTree = "<group>";
		};
		3FE7845E2F5E16CC00619CC9 /* Frameworks */ = {
			isa = PBXGroup;
			children = (
			);
			name = Frameworks;
			sourceTree = "<group>";
		};
/* End PBXGroup section */

/* Begin PBXNativeTarget section */
		3FA893922F4B67A800CE8953 /* BudgetFlow */ = {
			isa = PBXNativeTarget;
			buildConfigurationList = 3FA893B72F4B67A900CE8953 /* Build configuration list for PBXNativeTarget "BudgetFlow" */;
			buildPhases = (
				3FA8938F2F4B67A800CE8953 /* Sources */,
				3FA893902F4B67A800CE8953 /* Frameworks */,
				3FA893912F4B67A800CE8953 /* Resources */,
			);
			buildRules = (
			);
			dependencies = (
			);
			fileSystemSynchronizedGroups = (
				3FA893952F4B67A800CE8953 /* BudgetFlow */,
			);
			name = BudgetFlow;
			packageProductDependencies = (
				3FE7845F2F5E16CC00619CC9 /* FirebaseAuth */,
				3FE784612F5E16E000619CC9 /* FirebaseCore */,
				3FE784632F5E16EB00619CC9 /* FirebaseFirestore */,
				3FE784652F5E16F700619CC9 /* GoogleSignIn */,
				3FE784672F5E16FE00619CC9 /* GoogleSignInSwift */,
			);
			productName = BudgetFlow;
			productReference = 3FA893932F4B67A800CE8953 /* BudgetFlow.app */;
			productType = "com.apple.product-type.application";
		};
		3FA893A32F4B67A900CE8953 /* BudgetFlowTests */ = {
			isa = PBXNativeTarget;
			buildConfigurationList = 3FA893BC2F4B67A900CE8953 /* Build configuration list for PBXNativeTarget "BudgetFlowTests" */;
			buildPhases = (
				3FA893A02F4B67A900CE8953 /* Sources */,
				3FA893A12F4B67A900CE8953 /* Frameworks */,
				3FA893A22F4B67A900CE8953 /* Resources */,
			);
			buildRules = (
			);
			dependencies = (
				3FA893A62F4B67A900CE8953 /* PBXTargetDependency */,
			);
			fileSystemSynchronizedGroups = (
				3FA893A72F4B67A900CE8953 /* BudgetFlowTests */,
			);
			name = BudgetFlowTests;
			packageProductDependencies = (
			);
			productName = BudgetFlowTests;
			productReference = 3FA893A42F4B67A900CE8953 /* BudgetFlowTests.xctest */;
			productType = "com.apple.product-type.bundle.unit-test";
		};
		3FA893AD2F4B67A900CE8953 /* BudgetFlowUITests */ = {
			isa = PBXNativeTarget;
			buildConfigurationList = 3FA893BF2F4B67A900CE8953 /* Build configuration list for PBXNativeTarget "BudgetFlowUITests" */;
			buildPhases = (
				3FA893AA2F4B67A900CE8953 /* Sources */,
				3FA893AB2F4B67A900CE8953 /* Frameworks */,
				3FA893AC2F4B67A900CE8953 /* Resources */,
			);
			buildRules = (
			);
			dependencies = (
				3FA893B02F4B67A900CE8953 /* PBXTargetDependency */,
			);
			fileSystemSynchronizedGroups = (
				3FA893B12F4B67A900CE8953 /* BudgetFlowUITests */,
			);
			name = BudgetFlowUITests;
			packageProductDependencies = (
			);
			productName = BudgetFlowUITests;
			productReference = 3FA893AE2F4B67A900CE8953 /* BudgetFlowUITests.xctest */;
			productType = "com.apple.product-type.bundle.ui-testing";
		};
/* End PBXNativeTarget section */

/* Begin PBXProject section */
		3FA8938B2F4B67A800CE8953 /* Project object */ = {
			isa = PBXProject;
			attributes = {
				BuildIndependentTargetsInParallel = 1;
				LastSwiftUpdateCheck = 2620;
				LastUpgradeCheck = 2620;
				TargetAttributes = {
					3FA893922F4B67A800CE8953 = {
						CreatedOnToolsVersion = 26.2;
					};
					3FA893A32F4B67A900CE8953 = {
						CreatedOnToolsVersion = 26.2;
						TestTargetID = 3FA893922F4B67A800CE8953;
					};
					3FA893AD2F4B67A900CE8953 = {
						CreatedOnToolsVersion = 26.2;
						TestTargetID = 3FA893922F4B67A800CE8953;
					};
				};
			};
			buildConfigurationList = 3FA8938E2F4B67A800CE8953 /* Build configuration list for PBXProject "BudgetFlow" */;
			developmentRegion = en;
			hasScannedForEncodings = 0;
			knownRegions = (
				en,
				Base,
			);
			mainGroup = 3FA8938A2F4B67A800CE8953;
			minimizedProjectReferenceProxies = 1;
			packageReferences = (
				3FE784172F5E121C00619CC9 /* XCRemoteSwiftPackageReference "firebase-ios-sdk" */,
				3FE784182F5E123100619CC9 /* XCRemoteSwiftPackageReference "GoogleSignIn-iOS" */,
			);
			preferredProjectObjectVersion = 77;
			productRefGroup = 3FA893942F4B67A800CE8953 /* Products */;
			projectDirPath = "";
			projectRoot = "";
			targets = (
				3FA893922F4B67A800CE8953 /* BudgetFlow */,
				3FA893A32F4B67A900CE8953 /* BudgetFlowTests */,
				3FA893AD2F4B67A900CE8953 /* BudgetFlowUITests */,
			);
		};
/* End PBXProject section */

/* Begin PBXResourcesBuildPhase section */
		3FA893912F4B67A800CE8953 /* Resources */ = {
			isa = PBXResourcesBuildPhase;
			buildActionMask = 2147483647;
			files = (
			);
			runOnlyForDeploymentPostprocessing = 0;
		};
		3FA893A22F4B67A900CE8953 /* Resources */ = {
			isa = PBXResourcesBuildPhase;
			buildActionMask = 2147483647;
			files = (
			);
			runOnlyForDeploymentPostprocessing = 0;
		};
		3FA893AC2F4B67A900CE8953 /* Resources */ = {
			isa = PBXResourcesBuildPhase;
			buildActionMask = 2147483647;
			files = (
			);
			runOnlyForDeploymentPostprocessing = 0;
		};
/* End PBXResourcesBuildPhase section */

/* Begin PBXSourcesBuildPhase section */
		3FA8938F2F4B67A800CE8953 /* Sources */ = {
			isa = PBXSourcesBuildPhase;
			buildActionMask = 2147483647;
			files = (
			);
			runOnlyForDeploymentPostprocessing = 0;
		};
		3FA893A02F4B67A900CE8953 /* Sources */ = {
			isa = PBXSourcesBuildPhase;
			buildActionMask = 2147483647;
			files = (
			);
			runOnlyForDeploymentPostprocessing = 0;
		};
		3FA893AA2F4B67A900CE8953 /* Sources */ = {
			isa = PBXSourcesBuildPhase;
			buildActionMask = 2147483647;
			files = (
			);
			runOnlyForDeploymentPostprocessing = 0;
		};
/* End PBXSourcesBuildPhase section */

/* Begin PBXTargetDependency section */
		3FA893A62F4B67A900CE8953 /* PBXTargetDependency */ = {
			isa = PBXTargetDependency;
			target = 3FA893922F4B67A800CE8953 /* BudgetFlow */;
			targetProxy = 3FA893A52F4B67A900CE8953 /* PBXContainerItemProxy */;
		};
		3FA893B02F4B67A900CE8953 /* PBXTargetDependency */ = {
			isa = PBXTargetDependency;
			target = 3FA893922F4B67A800CE8953 /* BudgetFlow */;
			targetProxy = 3FA893AF2F4B67A900CE8953 /* PBXContainerItemProxy */;
		};
/* End PBXTargetDependency section */

/* Begin XCBuildConfiguration section */
		3FA893B82F4B67A900CE8953 /* Debug */ = {
			isa = XCBuildConfiguration;
			buildSettings = {
				ASSETCATALOG_COMPILER_APPICON_NAME = AppIcon;
				ASSETCATALOG_COMPILER_GLOBAL_ACCENT_COLOR_NAME = AccentColor;
				CODE_SIGN_STYLE = Automatic;
				CURRENT_PROJECT_VERSION = 1;
				DEVELOPMENT_TEAM = MCT3W63JGW;
				ENABLE_APP_SANDBOX = YES;
				ENABLE_HARDENED_RUNTIME = YES;
				ENABLE_PREVIEWS = YES;
				ENABLE_USER_SELECTED_FILES = readonly;
				GENERATE_INFOPLIST_FILE = YES;
				INFOPLIST_FILE = BudgetFlow/Info.plist;
				"INFOPLIST_KEY_UIApplicationSceneManifest_Generation[sdk=iphoneos*]" = YES;
				"INFOPLIST_KEY_UIApplicationSceneManifest_Generation[sdk=iphonesimulator*]" = YES;
				"INFOPLIST_KEY_UIApplicationSupportsIndirectInputEvents[sdk=iphoneos*]" = YES;
				"INFOPLIST_KEY_UIApplicationSupportsIndirectInputEvents[sdk=iphonesimulator*]" = YES;
				"INFOPLIST_KEY_UILaunchScreen_Generation[sdk=iphoneos*]" = YES;
				"INFOPLIST_KEY_UILaunchScreen_Generation[sdk=iphonesimulator*]" = YES;
				"INFOPLIST_KEY_UIStatusBarStyle[sdk=iphoneos*]" = UIStatusBarStyleDefault;
				"INFOPLIST_KEY_UIStatusBarStyle[sdk=iphonesimulator*]" = UIStatusBarStyleDefault;
				INFOPLIST_KEY_UISupportedInterfaceOrientations_iPad = "UIInterfaceOrientationPortrait UIInterfaceOrientationPortraitUpsideDown UIInterfaceOrientationLandscapeLeft UIInterfaceOrientationLandscapeRight";
				INFOPLIST_KEY_UISupportedInterfaceOrientations_iPhone = "UIInterfaceOrientationPortrait UIInterfaceOrientationLandscapeLeft UIInterfaceOrientationLandscapeRight";
				IPHONEOS_DEPLOYMENT_TARGET = 26.2;
				LD_RUNPATH_SEARCH_PATHS = "@executable_path/Frameworks";
				"LD_RUNPATH_SEARCH_PATHS[sdk=macosx*]" = "@executable_path/../Frameworks";
				MACOSX_DEPLOYMENT_TARGET = 26.1;
				MARKETING_VERSION = 1.0;
				PRODUCT_BUNDLE_IDENTIFIER = "fr.jeremy-devios.BudgetFlow";
				PRODUCT_NAME = "$(TARGET_NAME)";
				REGISTER_APP_GROUPS = YES;
				SDKROOT = auto;
				STRING_CATALOG_GENERATE_SYMBOLS = YES;
				SUPPORTED_PLATFORMS = "iphoneos iphonesimulator macosx xros xrsimulator";
				SWIFT_APPROACHABLE_CONCURRENCY = YES;
				SWIFT_DEFAULT_ACTOR_ISOLATION = MainActor;
				SWIFT_EMIT_LOC_STRINGS = YES;
				SWIFT_UPCOMING_FEATURE_MEMBER_IMPORT_VISIBILITY = YES;
				SWIFT_VERSION = 5.0;
				TARGETED_DEVICE_FAMILY = "1,2,7";
				XROS_DEPLOYMENT_TARGET = 26.2;
			};
			name = Debug;
		};
		3FA893B92F4B67A900CE8953 /* Release */ = {
			isa = XCBuildConfiguration;
			buildSettings = {
				ASSETCATALOG_COMPILER_APPICON_NAME = AppIcon;
				ASSETCATALOG_COMPILER_GLOBAL_ACCENT_COLOR_NAME = AccentColor;
				CODE_SIGN_STYLE = Automatic;
				CURRENT_PROJECT_VERSION = 1;
				DEVELOPMENT_TEAM = MCT3W63JGW;
				ENABLE_APP_SANDBOX = YES;
				ENABLE_HARDENED_RUNTIME = YES;
				ENABLE_PREVIEWS = YES;
				ENABLE_USER_SELECTED_FILES = readonly;
				GENERATE_INFOPLIST_FILE = YES;
				INFOPLIST_FILE = BudgetFlow/Info.plist;
				"INFOPLIST_KEY_UIApplicationSceneManifest_Generation[sdk=iphoneos*]" = YES;
				"INFOPLIST_KEY_UIApplicationSceneManifest_Generation[sdk=iphonesimulator*]" = YES;
				"INFOPLIST_KEY_UIApplicationSupportsIndirectInputEvents[sdk=iphoneos*]" = YES;
				"INFOPLIST_KEY_UIApplicationSupportsIndirectInputEvents[sdk=iphonesimulator*]" = YES;
				"INFOPLIST_KEY_UILaunchScreen_Generation[sdk=iphoneos*]" = YES;
				"INFOPLIST_KEY_UILaunchScreen_Generation[sdk=iphonesimulator*]" = YES;
				"INFOPLIST_KEY_UIStatusBarStyle[sdk=iphoneos*]" = UIStatusBarStyleDefault;
				"INFOPLIST_KEY_UIStatusBarStyle[sdk=iphonesimulator*]" = UIStatusBarStyleDefault;
				INFOPLIST_KEY_UISupportedInterfaceOrientations_iPad = "UIInterfaceOrientationPortrait UIInterfaceOrientationPortraitUpsideDown UIInterfaceOrientationLandscapeLeft UIInterfaceOrientationLandscapeRight";
				INFOPLIST_KEY_UISupportedInterfaceOrientations_iPhone = "UIInterfaceOrientationPortrait UIInterfaceOrientationLandscapeLeft UIInterfaceOrientationLandscapeRight";
				IPHONEOS_DEPLOYMENT_TARGET = 26.2;
				LD_RUNPATH_SEARCH_PATHS = "@executable_path/Frameworks";
				"LD_RUNPATH_SEARCH_PATHS[sdk=macosx*]" = "@executable_path/../Frameworks";
				MACOSX_DEPLOYMENT_TARGET = 26.1;
				MARKETING_VERSION = 1.0;
				PRODUCT_BUNDLE_IDENTIFIER = "fr.jeremy-devios.BudgetFlow";
				PRODUCT_NAME = "$(TARGET_NAME)";
				REGISTER_APP_GROUPS = YES;
				SDKROOT = auto;
				STRING_CATALOG_GENERATE_SYMBOLS = YES;
				SUPPORTED_PLATFORMS = "iphoneos iphonesimulator macosx xros xrsimulator";
				SWIFT_APPROACHABLE_CONCURRENCY = YES;
				SWIFT_DEFAULT_ACTOR_ISOLATION = MainActor;
				SWIFT_EMIT_LOC_STRINGS = YES;
				SWIFT_UPCOMING_FEATURE_MEMBER_IMPORT_VISIBILITY = YES;
				SWIFT_VERSION = 5.0;
				TARGETED_DEVICE_FAMILY = "1,2,7";
				XROS_DEPLOYMENT_TARGET = 26.2;
			};
			name = Release;
		};
		3FA893BA2F4B67A900CE8953 /* Debug */ = {
			isa = XCBuildConfiguration;
			buildSettings = {
				ALWAYS_SEARCH_USER_PATHS = NO;
				ASSETCATALOG_COMPILER_GENERATE_SWIFT_ASSET_SYMBOL_EXTENSIONS = YES;
				CLANG_ANALYZER_NONNULL = YES;
				CLANG_ANALYZER_NUMBER_OBJECT_CONVERSION = YES_AGGRESSIVE;
				CLANG_CXX_LANGUAGE_STANDARD = "gnu++20";
				CLANG_ENABLE_MODULES = YES;
				CLANG_ENABLE_OBJC_ARC = YES;
				CLANG_ENABLE_OBJC_WEAK = YES;
				CLANG_WARN_BLOCK_CAPTURE_AUTORELEASING = YES;
				CLANG_WARN_BOOL_CONVERSION = YES;
				CLANG_WARN_COMMA = YES;
				CLANG_WARN_CONSTANT_CONVERSION = YES;
				CLANG_WARN_DEPRECATED_OBJC_IMPLEMENTATIONS = YES;
				CLANG_WARN_DIRECT_OBJC_ISA_USAGE = YES_ERROR;
				CLANG_WARN_DOCUMENTATION_COMMENTS = YES;
				CLANG_WARN_EMPTY_BODY = YES;
				CLANG_WARN_ENUM_CONVERSION = YES;
				CLANG_WARN_INFINITE_RECURSION = YES;
				CLANG_WARN_INT_CONVERSION = YES;
				CLANG_WARN_NON_LITERAL_NULL_CONVERSION = YES;
				CLANG_WARN_OBJC_IMPLICIT_RETAIN_SELF = YES;
				CLANG_WARN_OBJC_LITERAL_CONVERSION = YES;
				CLANG_WARN_OBJC_ROOT_CLASS = YES_ERROR;
				CLANG_WARN_QUOTED_INCLUDE_IN_FRAMEWORK_HEADER = YES;
				CLANG_WARN_RANGE_LOOP_ANALYSIS = YES;
				CLANG_WARN_STRICT_PROTOTYPES = YES;
				CLANG_WARN_SUSPICIOUS_MOVE = YES;
				CLANG_WARN_UNGUARDED_AVAILABILITY = YES_AGGRESSIVE;
				CLANG_WARN_UNREACHABLE_CODE = YES;
				CLANG_WARN__DUPLICATE_METHOD_MATCH = YES;
				COPY_PHASE_STRIP = NO;
				DEBUG_INFORMATION_FORMAT = dwarf;
				DEVELOPMENT_TEAM = MCT3W63JGW;
				ENABLE_STRICT_OBJC_MSGSEND = YES;
				ENABLE_TESTABILITY = YES;
				ENABLE_USER_SCRIPT_SANDBOXING = YES;
				GCC_C_LANGUAGE_STANDARD = gnu17;
				GCC_DYNAMIC_NO_PIC = NO;
				GCC_NO_COMMON_BLOCKS = YES;
				GCC_OPTIMIZATION_LEVEL = 0;
				GCC_PREPROCESSOR_DEFINITIONS = (
					"DEBUG=1",
					"$(inherited)",
				);
				GCC_WARN_64_TO_32_BIT_CONVERSION = YES;
				GCC_WARN_ABOUT_RETURN_TYPE = YES_ERROR;
				GCC_WARN_UNDECLARED_SELECTOR = YES;
				GCC_WARN_UNINITIALIZED_AUTOS = YES_AGGRESSIVE;
				GCC_WARN_UNUSED_FUNCTION = YES;
				GCC_WARN_UNUSED_VARIABLE = YES;
				LOCALIZATION_PREFERS_STRING_CATALOGS = YES;
				MTL_ENABLE_DEBUG_INFO = INCLUDE_SOURCE;
				MTL_FAST_MATH = YES;
				ONLY_ACTIVE_ARCH = YES;
				SWIFT_ACTIVE_COMPILATION_CONDITIONS = "DEBUG $(inherited)";
				SWIFT_OPTIMIZATION_LEVEL = "-Onone";
			};
			name = Debug;
		};
		3FA893BB2F4B67A900CE8953 /* Release */ = {
			isa = XCBuildConfiguration;
			buildSettings = {
				ALWAYS_SEARCH_USER_PATHS = NO;
				ASSETCATALOG_COMPILER_GENERATE_SWIFT_ASSET_SYMBOL_EXTENSIONS = YES;
				CLANG_ANALYZER_NONNULL = YES;
				CLANG_ANALYZER_NUMBER_OBJECT_CONVERSION = YES_AGGRESSIVE;
				CLANG_CXX_LANGUAGE_STANDARD = "gnu++20";
				CLANG_ENABLE_MODULES = YES;
				CLANG_ENABLE_OBJC_ARC = YES;
				CLANG_ENABLE_OBJC_WEAK = YES;
				CLANG_WARN_BLOCK_CAPTURE_AUTORELEASING = YES;
				CLANG_WARN_BOOL_CONVERSION = YES;
				CLANG_WARN_COMMA = YES;
				CLANG_WARN_CONSTANT_CONVERSION = YES;
				CLANG_WARN_DEPRECATED_OBJC_IMPLEMENTATIONS = YES;
				CLANG_WARN_DIRECT_OBJC_ISA_USAGE = YES_ERROR;
				CLANG_WARN_DOCUMENTATION_COMMENTS = YES;
				CLANG_WARN_EMPTY_BODY = YES;
				CLANG_WARN_ENUM_CONVERSION = YES;
				CLANG_WARN_INFINITE_RECURSION = YES;
				CLANG_WARN_INT_CONVERSION = YES;
				CLANG_WARN_NON_LITERAL_NULL_CONVERSION = YES;
				CLANG_WARN_OBJC_IMPLICIT_RETAIN_SELF = YES;
				CLANG_WARN_OBJC_LITERAL_CONVERSION = YES;
				CLANG_WARN_OBJC_ROOT_CLASS = YES_ERROR;
				CLANG_WARN_QUOTED_INCLUDE_IN_FRAMEWORK_HEADER = YES;
				CLANG_WARN_RANGE_LOOP_ANALYSIS = YES;
				CLANG_WARN_STRICT_PROTOTYPES = YES;
				CLANG_WARN_SUSPICIOUS_MOVE = YES;
				CLANG_WARN_UNGUARDED_AVAILABILITY = YES_AGGRESSIVE;
				CLANG_WARN_UNREACHABLE_CODE = YES;
				CLANG_WARN__DUPLICATE_METHOD_MATCH = YES;
				COPY_PHASE_STRIP = NO;
				DEBUG_INFORMATION_FORMAT = "dwarf-with-dsym";
				DEVELOPMENT_TEAM = MCT3W63JGW;
				ENABLE_NS_ASSERTIONS = NO;
				ENABLE_STRICT_OBJC_MSGSEND = YES;
				ENABLE_USER_SCRIPT_SANDBOXING = YES;
				GCC_C_LANGUAGE_STANDARD = gnu17;
				GCC_NO_COMMON_BLOCKS = YES;
				GCC_WARN_64_TO_32_BIT_CONVERSION = YES;
				GCC_WARN_ABOUT_RETURN_TYPE = YES_ERROR;
				GCC_WARN_UNDECLARED_SELECTOR = YES;
				GCC_WARN_UNINITIALIZED_AUTOS = YES_AGGRESSIVE;
				GCC_WARN_UNUSED_FUNCTION = YES;
				GCC_WARN_UNUSED_VARIABLE = YES;
				LOCALIZATION_PREFERS_STRING_CATALOGS = YES;
				MTL_ENABLE_DEBUG_INFO = NO;
				MTL_FAST_MATH = YES;
				SWIFT_COMPILATION_MODE = wholemodule;
			};
			name = Release;
		};
		3FA893BD2F4B67A900CE8953 /* Debug */ = {
			isa = XCBuildConfiguration;
			buildSettings = {
				BUNDLE_LOADER = "$(TEST_HOST)";
				CODE_SIGN_STYLE = Automatic;
				CURRENT_PROJECT_VERSION = 1;
				DEVELOPMENT_TEAM = MCT3W63JGW;
				GENERATE_INFOPLIST_FILE = YES;
				IPHONEOS_DEPLOYMENT_TARGET = 26.2;
				MACOSX_DEPLOYMENT_TARGET = 26.1;
				MARKETING_VERSION = 1.0;
				PRODUCT_BUNDLE_IDENTIFIER = "fr.jeremy-devios.BudgetFlowTests";
				PRODUCT_NAME = "$(TARGET_NAME)";
				SDKROOT = auto;
				STRING_CATALOG_GENERATE_SYMBOLS = NO;
				SUPPORTED_PLATFORMS = "iphoneos iphonesimulator macosx xros xrsimulator";
				SWIFT_APPROACHABLE_CONCURRENCY = YES;
				SWIFT_EMIT_LOC_STRINGS = NO;
				SWIFT_UPCOMING_FEATURE_MEMBER_IMPORT_VISIBILITY = YES;
				SWIFT_VERSION = 5.0;
				TARGETED_DEVICE_FAMILY = "1,2,7";
				TEST_HOST = "$(BUILT_PRODUCTS_DIR)/BudgetFlow.app/$(BUNDLE_EXECUTABLE_FOLDER_PATH)/BudgetFlow";
				XROS_DEPLOYMENT_TARGET = 26.2;
			};
			name = Debug;
		};
		3FA893BE2F4B67A900CE8953 /* Release */ = {
			isa = XCBuildConfiguration;
			buildSettings = {
				BUNDLE_LOADER = "$(TEST_HOST)";
				CODE_SIGN_STYLE = Automatic;
				CURRENT_PROJECT_VERSION = 1;
				DEVELOPMENT_TEAM = MCT3W63JGW;
				GENERATE_INFOPLIST_FILE = YES;
				IPHONEOS_DEPLOYMENT_TARGET = 26.2;
				MACOSX_DEPLOYMENT_TARGET = 26.1;
				MARKETING_VERSION = 1.0;
				PRODUCT_BUNDLE_IDENTIFIER = "fr.jeremy-devios.BudgetFlowTests";
				PRODUCT_NAME = "$(TARGET_NAME)";
				SDKROOT = auto;
				STRING_CATALOG_GENERATE_SYMBOLS = NO;
				SUPPORTED_PLATFORMS = "iphoneos iphonesimulator macosx xros xrsimulator";
				SWIFT_APPROACHABLE_CONCURRENCY = YES;
				SWIFT_EMIT_LOC_STRINGS = NO;
				SWIFT_UPCOMING_FEATURE_MEMBER_IMPORT_VISIBILITY = YES;
				SWIFT_VERSION = 5.0;
				TARGETED_DEVICE_FAMILY = "1,2,7";
				TEST_HOST = "$(BUILT_PRODUCTS_DIR)/BudgetFlow.app/$(BUNDLE_EXECUTABLE_FOLDER_PATH)/BudgetFlow";
				XROS_DEPLOYMENT_TARGET = 26.2;
			};
			name = Release;
		};
		3FA893C02F4B67A900CE8953 /* Debug */ = {
			isa = XCBuildConfiguration;
			buildSettings = {
				CODE_SIGN_STYLE = Automatic;
				CURRENT_PROJECT_VERSION = 1;
				DEVELOPMENT_TEAM = MCT3W63JGW;
				GENERATE_INFOPLIST_FILE = YES;
				IPHONEOS_DEPLOYMENT_TARGET = 26.2;
				MACOSX_DEPLOYMENT_TARGET = 26.1;
				MARKETING_VERSION = 1.0;
				PRODUCT_BUNDLE_IDENTIFIER = "fr.jeremy-devios.BudgetFlowUITests";
				PRODUCT_NAME = "$(TARGET_NAME)";
				SDKROOT = auto;
				STRING_CATALOG_GENERATE_SYMBOLS = NO;
				SUPPORTED_PLATFORMS = "iphoneos iphonesimulator macosx xros xrsimulator";
				SWIFT_APPROACHABLE_CONCURRENCY = YES;
				SWIFT_EMIT_LOC_STRINGS = NO;
				SWIFT_UPCOMING_FEATURE_MEMBER_IMPORT_VISIBILITY = YES;
				SWIFT_VERSION = 5.0;
				TARGETED_DEVICE_FAMILY = "1,2,7";
				TEST_TARGET_NAME = BudgetFlow;
				XROS_DEPLOYMENT_TARGET = 26.2;
			};
			name = Debug;
		};
		3FA893C12F4B67A900CE8953 /* Release */ = {
			isa = XCBuildConfiguration;
			buildSettings = {
				CODE_SIGN_STYLE = Automatic;
				CURRENT_PROJECT_VERSION = 1;
				DEVELOPMENT_TEAM = MCT3W63JGW;
				GENERATE_INFOPLIST_FILE = YES;
				IPHONEOS_DEPLOYMENT_TARGET = 26.2;
				MACOSX_DEPLOYMENT_TARGET = 26.1;
				MARKETING_VERSION = 1.0;
				PRODUCT_BUNDLE_IDENTIFIER = "fr.jeremy-devios.BudgetFlowUITests";
				PRODUCT_NAME = "$(TARGET_NAME)";
				SDKROOT = auto;
				STRING_CATALOG_GENERATE_SYMBOLS = NO;
				SUPPORTED_PLATFORMS = "iphoneos iphonesimulator macosx xros xrsimulator";
				SWIFT_APPROACHABLE_CONCURRENCY = YES;
				SWIFT_EMIT_LOC_STRINGS = NO;
				SWIFT_UPCOMING_FEATURE_MEMBER_IMPORT_VISIBILITY = YES;
				SWIFT_VERSION = 5.0;
				TARGETED_DEVICE_FAMILY = "1,2,7";
				TEST_TARGET_NAME = BudgetFlow;
				XROS_DEPLOYMENT_TARGET = 26.2;
			};
			name = Release;
		};
/* End XCBuildConfiguration section */

/* Begin XCConfigurationList section */
		3FA8938E2F4B67A800CE8953 /* Build configuration list for PBXProject "BudgetFlow" */ = {
			isa = XCConfigurationList;
			buildConfigurations = (
				3FA893BA2F4B67A900CE8953 /* Debug */,
				3FA893BB2F4B67A900CE8953 /* Release */,
			);
			defaultConfigurationIsVisible = 0;
			defaultConfigurationName = Release;
		};
		3FA893B72F4B67A900CE8953 /* Build configuration list for PBXNativeTarget "BudgetFlow" */ = {
			isa = XCConfigurationList;
			buildConfigurations = (
				3FA893B82F4B67A900CE8953 /* Debug */,
				3FA893B92F4B67A900CE8953 /* Release */,
			);
			defaultConfigurationIsVisible = 0;
			defaultConfigurationName = Release;
		};
		3FA893BC2F4B67A900CE8953 /* Build configuration list for PBXNativeTarget "BudgetFlowTests" */ = {
			isa = XCConfigurationList;
			buildConfigurations = (
				3FA893BD2F4B67A900CE8953 /* Debug */,
				3FA893BE2F4B67A900CE8953 /* Release */,
			);
			defaultConfigurationIsVisible = 0;
			defaultConfigurationName = Release;
		};
		3FA893BF2F4B67A900CE8953 /* Build configuration list for PBXNativeTarget "BudgetFlowUITests" */ = {
			isa = XCConfigurationList;
			buildConfigurations = (
				3FA893C02F4B67A900CE8953 /* Debug */,
				3FA893C12F4B67A900CE8953 /* Release */,
			);
			defaultConfigurationIsVisible = 0;
			defaultConfigurationName = Release;
		};
/* End XCConfigurationList section */

/* Begin XCRemoteSwiftPackageReference section */
		3FE784172F5E121C00619CC9 /* XCRemoteSwiftPackageReference "firebase-ios-sdk" */ = {
			isa = XCRemoteSwiftPackageReference;
			repositoryURL = "https://github.com/firebase/firebase-ios-sdk.git";
			requirement = {
				kind = upToNextMajorVersion;
				minimumVersion = 12.10.0;
			};
		};
		3FE784182F5E123100619CC9 /* XCRemoteSwiftPackageReference "GoogleSignIn-iOS" */ = {
			isa = XCRemoteSwiftPackageReference;
			repositoryURL = "https://github.com/google/GoogleSignIn-iOS";
			requirement = {
				kind = upToNextMajorVersion;
				minimumVersion = 9.1.0;
			};
		};
/* End XCRemoteSwiftPackageReference section */

/* Begin XCSwiftPackageProductDependency section */
		3FE7845F2F5E16CC00619CC9 /* FirebaseAuth */ = {
			isa = XCSwiftPackageProductDependency;
			package = 3FE784172F5E121C00619CC9 /* XCRemoteSwiftPackageReference "firebase-ios-sdk" */;
			productName = FirebaseAuth;
		};
		3FE784612F5E16E000619CC9 /* FirebaseCore */ = {
			isa = XCSwiftPackageProductDependency;
			package = 3FE784172F5E121C00619CC9 /* XCRemoteSwiftPackageReference "firebase-ios-sdk" */;
			productName = FirebaseCore;
		};
		3FE784632F5E16EB00619CC9 /* FirebaseFirestore */ = {
			isa = XCSwiftPackageProductDependency;
			package = 3FE784172F5E121C00619CC9 /* XCRemoteSwiftPackageReference "firebase-ios-sdk" */;
			productName = FirebaseFirestore;
		};
		3FE784652F5E16F700619CC9 /* GoogleSignIn */ = {
			isa = XCSwiftPackageProductDependency;
			package = 3FE784182F5E123100619CC9 /* XCRemoteSwiftPackageReference "GoogleSignIn-iOS" */;
			productName = GoogleSignIn;
		};
		3FE784672F5E16FE00619CC9 /* GoogleSignInSwift */ = {
			isa = XCSwiftPackageProductDependency;
			package = 3FE784182F5E123100619CC9 /* XCRemoteSwiftPackageReference "GoogleSignIn-iOS" */;
			productName = GoogleSignInSwift;
		};
/* End XCSwiftPackageProductDependency section */
	};
	rootObject = 3FA8938B2F4B67A800CE8953 /* Project object */;
}
